// !$*UTF8*$!
{
	archiveVersion = 1;
	classes = {
	};
	objectVersion = 56;
	objects = {

/* Begin PBXBuildFile section */
		31A2079229203013002B3275 /* IOKit.framework in Frameworks */ = {isa = PBXBuildFile; fileRef = 31A2079129203013002B3275 /* IOKit.framework */; };
		31B41BB0291EB77800F0F218 /* haxxApp.swift in Sources */ = {isa = PBXBuildFile; fileRef = 31B41BAF291EB77800F0F218 /* haxxApp.swift */; };
		31B41BB2291EB77800F0F218 /* ExploitView.swift in Sources */ = {isa = PBXBuildFile; fileRef = 31B41BB1291EB77800F0F218 /* ExploitView.swift */; };
		31B41BB4291EB77900F0F218 /* Assets.xcassets in Resources */ = {isa = PBXBuildFile; fileRef = 31B41BB3291EB77900F0F218 /* Assets.xcassets */; };
		31B41BB7291EB77900F0F218 /* Preview Assets.xcassets in Resources */ = {isa = PBXBuildFile; fileRef = 31B41BB6291EB77900F0F218 /* Preview Assets.xcassets */; };
		31B41BBE291EB7A300F0F218 /* mymodel.mlmodel in Sources */ = {isa = PBXBuildFile; fileRef = 31B41BBD291EB7A300F0F218 /* mymodel.mlmodel */; };
		31B41BE3291EB7C000F0F218 /* model_tmp.hwx in Resources */ = {isa = PBXBuildFile; fileRef = 31B41BC0291EB7C000F0F218 /* model_tmp.hwx */; };
		31B41BE4291EB7C000F0F218 /* IOGPU.c in Sources */ = {isa = PBXBuildFile; fileRef = 31B41BC1291EB7C000F0F218 /* IOGPU.c */; };
		31B41BE5291EB7C000F0F218 /* ANEDirectIn.c in Sources */ = {isa = PBXBuildFile; fileRef = 31B41BC3291EB7C000F0F218 /* ANEDirectIn.c */; };
		31B41BE7291EB7C000F0F218 /* utils.c in Sources */ = {isa = PBXBuildFile; fileRef = 31B41BDD291EB7C000F0F218 /* utils.c */; };
		31B41BE8291EB7C000F0F218 /* IOSurface.c in Sources */ = {isa = PBXBuildFile; fileRef = 31B41BE0291EB7C000F0F218 /* IOSurface.c */; };
		31B41BE9291EB7C000F0F218 /* exploit.m in Sources */ = {isa = PBXBuildFile; fileRef = 31B41BE2291EB7C000F0F218 /* exploit.m */; };
/* End PBXBuildFile section */

/* Begin PBXFileReference section */
		31A2079129203013002B3275 /* IOKit.framework */ = {isa = PBXFileReference; lastKnownFileType = wrapper.framework; name = IOKit.framework; path = System/Library/Frameworks/IOKit.framework; sourceTree = SDKROOT; };
		31B41BAC291EB77800F0F218 /* haxx.app */ = {isa = PBXFileReference; explicitFileType = wrapper.application; includeInIndex = 0; path = haxx.app; sourceTree = BUILT_PRODUCTS_DIR; };
		31B41BAF291EB77800F0F218 /* haxxApp.swift */ = {isa = PBXFileReference; lastKnownFileType = sourcecode.swift; path = haxxApp.swift; sourceTree = "<group>"; };
		31B41BB1291EB77800F0F218 /* ExploitView.swift */ = {isa = PBXFileReference; lastKnownFileType = sourcecode.swift; path = ExploitView.swift; sourceTree = "<group>"; };
		31B41BB3291EB77900F0F218 /* Assets.xcassets */ = {isa = PBXFileReference; lastKnownFileType = folder.assetcatalog; path = Assets.xcassets; sourceTree = "<group>"; };
		31B41BB6291EB77900F0F218 /* Preview Assets.xcassets */ = {isa = PBXFileReference; lastKnownFileType = folder.assetcatalog; path = "Preview Assets.xcassets"; sourceTree = "<group>"; };
		31B41BBD291EB7A300F0F218 /* mymodel.mlmodel */ = {isa = PBXFileReference; lastKnownFileType = file.mlmodel; path = mymodel.mlmodel; sourceTree = "<group>"; };
		31B41BC0291EB7C000F0F218 /* model_tmp.hwx */ = {isa = PBXFileReference; lastKnownFileType = file; path = model_tmp.hwx; sourceTree = "<group>"; };
		31B41BC1291EB7C000F0F218 /* IOGPU.c */ = {isa = PBXFileReference; fileEncoding = 4; lastKnownFileType = sourcecode.c.c; path = IOGPU.c; sourceTree = "<group>"; };
		31B41BC2291EB7C000F0F218 /* exploit.h */ = {isa = PBXFileReference; fileEncoding = 4; lastKnownFileType = sourcecode.c.h; path = exploit.h; sourceTree = "<group>"; };
		31B41BC3291EB7C000F0F218 /* ANEDirectIn.c */ = {isa = PBXFileReference; fileEncoding = 4; lastKnownFileType = sourcecode.c.c; path = ANEDirectIn.c; sourceTree = "<group>"; };
		31B41BC5291EB7C000F0F218 /* _ANEIOSurfaceObject.h */ = {isa = PBXFileReference; fileEncoding = 4; lastKnownFileType = sourcecode.c.h; path = _ANEIOSurfaceObject.h; sourceTree = "<group>"; };
		31B41BC6291EB7C000F0F218 /* _ANEDaemonConnection.h */ = {isa = PBXFileReference; fileEncoding = 4; lastKnownFileType = sourcecode.c.h; path = _ANEDaemonConnection.h; sourceTree = "<group>"; };
		31B41BC7291EB7C000F0F218 /* _ANEDeviceInfo.h */ = {isa = PBXFileReference; fileEncoding = 4; lastKnownFileType = sourcecode.c.h; path = _ANEDeviceInfo.h; sourceTree = "<group>"; };
		31B41BC8291EB7C000F0F218 /* _ANEProgramForEvaluation.h */ = {isa = PBXFileReference; fileEncoding = 4; lastKnownFileType = sourcecode.c.h; path = _ANEProgramForEvaluation.h; sourceTree = "<group>"; };
		31B41BC9291EB7C000F0F218 /* AppleNeuralEngine.h */ = {isa = PBXFileReference; fileEncoding = 4; lastKnownFileType = sourcecode.c.h; path = AppleNeuralEngine.h; sourceTree = "<group>"; };
		31B41BCA291EB7C000F0F218 /* _ANEDataReporter.h */ = {isa = PBXFileReference; fileEncoding = 4; lastKnownFileType = sourcecode.c.h; path = _ANEDataReporter.h; sourceTree = "<group>"; };
		31B41BCB291EB7C000F0F218 /* _ANEQoSMapper.h */ = {isa = PBXFileReference; fileEncoding = 4; lastKnownFileType = sourcecode.c.h; path = _ANEQoSMapper.h; sourceTree = "<group>"; };
		31B41BCC291EB7C000F0F218 /* _ANELog.h */ = {isa = PBXFileReference; fileEncoding = 4; lastKnownFileType = sourcecode.c.h; path = _ANELog.h; sourceTree = "<group>"; };
		31B41BCD291EB7C000F0F218 /* _ANEPerformanceStats.h */ = {isa = PBXFileReference; fileEncoding = 4; lastKnownFileType = sourcecode.c.h; path = _ANEPerformanceStats.h; sourceTree = "<group>"; };
		31B41BCE291EB7C000F0F218 /* _ANEDeviceController.h */ = {isa = PBXFileReference; fileEncoding = 4; lastKnownFileType = sourcecode.c.h; path = _ANEDeviceController.h; sourceTree = "<group>"; };
		31B41BCF291EB7C000F0F218 /* NSSecureCoding.h */ = {isa = PBXFileReference; fileEncoding = 4; lastKnownFileType = sourcecode.c.h; path = NSSecureCoding.h; sourceTree = "<group>"; };
		31B41BD0291EB7C000F0F218 /* _ANEDaemonProtocol.h */ = {isa = PBXFileReference; fileEncoding = 4; lastKnownFileType = sourcecode.c.h; path = _ANEDaemonProtocol.h; sourceTree = "<group>"; };
		31B41BD1291EB7C000F0F218 /* _ANEStrings.h */ = {isa = PBXFileReference; fileEncoding = 4; lastKnownFileType = sourcecode.c.h; path = _ANEStrings.h; sourceTree = "<group>"; };
		31B41BD2291EB7C000F0F218 /* _ANEClient.h */ = {isa = PBXFileReference; fileEncoding = 4; lastKnownFileType = sourcecode.c.h; path = _ANEClient.h; sourceTree = "<group>"; };
		31B41BD3291EB7C000F0F218 /* _ANERequest.h */ = {isa = PBXFileReference; fileEncoding = 4; lastKnownFileType = sourcecode.c.h; path = _ANERequest.h; sourceTree = "<group>"; };
		31B41BD4291EB7C000F0F218 /* _ANECloneHelper.h */ = {isa = PBXFileReference; fileEncoding = 4; lastKnownFileType = sourcecode.c.h; path = _ANECloneHelper.h; sourceTree = "<group>"; };
		31B41BD5291EB7C000F0F218 /* _ANEErrors.h */ = {isa = PBXFileReference; fileEncoding = 4; lastKnownFileType = sourcecode.c.h; path = _ANEErrors.h; sourceTree = "<group>"; };
		31B41BD6291EB7C000F0F218 /* _ANEModel.h */ = {isa = PBXFileReference; fileEncoding = 4; lastKnownFileType = sourcecode.c.h; path = _ANEModel.h; sourceTree = "<group>"; };
		31B41BD7291EB7C000F0F218 /* _ANEHashEncoding.h */ = {isa = PBXFileReference; fileEncoding = 4; lastKnownFileType = sourcecode.c.h; path = _ANEHashEncoding.h; sourceTree = "<group>"; };
		31B41BD8291EB7C000F0F218 /* NSCopying.h */ = {isa = PBXFileReference; fileEncoding = 4; lastKnownFileType = sourcecode.c.h; path = NSCopying.h; sourceTree = "<group>"; };
		31B41BD9291EB7C000F0F218 /* AppleNeuralEngine-Structs.h */ = {isa = PBXFileReference; fileEncoding = 4; lastKnownFileType = sourcecode.c.h; path = "AppleNeuralEngine-Structs.h"; sourceTree = "<group>"; };
		31B41BDA291EB7C000F0F218 /* IOSurface.h */ = {isa = PBXFileReference; fileEncoding = 4; lastKnownFileType = sourcecode.c.h; path = IOSurface.h; sourceTree = "<group>"; };
		31B41BDB291EB7C000F0F218 /* aneProgram.h */ = {isa = PBXFileReference; fileEncoding = 4; lastKnownFileType = sourcecode.c.h; path = aneProgram.h; sourceTree = "<group>"; };
		31B41BDD291EB7C000F0F218 /* utils.c */ = {isa = PBXFileReference; fileEncoding = 4; lastKnownFileType = sourcecode.c.c; path = utils.c; sourceTree = "<group>"; };
		31B41BDE291EB7C000F0F218 /* iokit.h */ = {isa = PBXFileReference; fileEncoding = 4; lastKnownFileType = sourcecode.c.h; path = iokit.h; sourceTree = "<group>"; };
		31B41BDF291EB7C000F0F218 /* IOGPU.h */ = {isa = PBXFileReference; fileEncoding = 4; lastKnownFileType = sourcecode.c.h; path = IOGPU.h; sourceTree = "<group>"; };
		31B41BE0291EB7C000F0F218 /* IOSurface.c */ = {isa = PBXFileReference; fileEncoding = 4; lastKnownFileType = sourcecode.c.c; path = IOSurface.c; sourceTree = "<group>"; };
		31B41BE1291EB7C000F0F218 /* ANEDirectIn.h */ = {isa = PBXFileReference; fileEncoding = 4; lastKnownFileType = sourcecode.c.h; path = ANEDirectIn.h; sourceTree = "<group>"; };
		31B41BE2291EB7C000F0F218 /* exploit.m */ = {isa = PBXFileReference; fileEncoding = 4; lastKnownFileType = sourcecode.c.objc; path = exploit.m; sourceTree = "<group>"; };
		31BE50E7291ECC3F00D7E3E2 /* haxx-Bridging-Header.h */ = {isa = PBXFileReference; lastKnownFileType = sourcecode.c.h; path = "haxx-Bridging-Header.h"; sourceTree = "<group>"; };
/* End PBXFileReference section */

/* Begin PBXFrameworksBuildPhase section */
		31B41BA9291EB77800F0F218 /* Frameworks */ = {
			isa = PBXFrameworksBuildPhase;
			buildActionMask = 2147483647;
			files = (
				31A2079229203013002B3275 /* IOKit.framework in Frameworks */,
			);
			runOnlyForDeploymentPostprocessing = 0;
		};
/* End PBXFrameworksBuildPhase section */

/* Begin PBXGroup section */
		31A2079029203012002B3275 /* Frameworks */ = {
			isa = PBXGroup;
			children = (
				31A2079129203013002B3275 /* IOKit.framework */,
			);
			name = Frameworks;
			sourceTree = "<group>";
		};
		31B41BA3291EB77800F0F218 = {
			isa = PBXGroup;
			children = (
				31B41BAE291EB77800F0F218 /* haxx */,
				31B41BAD291EB77800F0F218 /* Products */,
				31A2079029203012002B3275 /* Frameworks */,
			);
			sourceTree = "<group>";
		};
		31B41BAD291EB77800F0F218 /* Products */ = {
			isa = PBXGroup;
			children = (
				31B41BAC291EB77800F0F218 /* haxx.app */,
			);
			name = Products;
			sourceTree = "<group>";
		};
		31B41BAE291EB77800F0F218 /* haxx */ = {
			isa = PBXGroup;
			children = (
				31B41BBF291EB7C000F0F218 /* exploit */,
				31B41BBD291EB7A300F0F218 /* mymodel.mlmodel */,
				31B41BAF291EB77800F0F218 /* haxxApp.swift */,
				31B41BB1291EB77800F0F218 /* ExploitView.swift */,
				31B41BB3291EB77900F0F218 /* Assets.xcassets */,
				31B41BB5291EB77900F0F218 /* Preview Content */,
				31BE50E7291ECC3F00D7E3E2 /* haxx-Bridging-Header.h */,
			);
			path = haxx;
			sourceTree = "<group>";
		};
		31B41BB5291EB77900F0F218 /* Preview Content */ = {
			isa = PBXGroup;
			children = (
				31B41BB6291EB77900F0F218 /* Preview Assets.xcassets */,
			);
			path = "Preview Content";
			sourceTree = "<group>";
		};
		31B41BBF291EB7C000F0F218 /* exploit */ = {
			isa = PBXGroup;
			children = (
				31B41BC0291EB7C000F0F218 /* model_tmp.hwx */,
				31B41BC1291EB7C000F0F218 /* IOGPU.c */,
				31B41BC2291EB7C000F0F218 /* exploit.h */,
				31B41BC3291EB7C000F0F218 /* ANEDirectIn.c */,
				31B41BC4291EB7C000F0F218 /* AppleNeuralEngine */,
				31B41BDA291EB7C000F0F218 /* IOSurface.h */,
				31B41BDB291EB7C000F0F218 /* aneProgram.h */,
				31B41BDD291EB7C000F0F218 /* utils.c */,
				31B41BDE291EB7C000F0F218 /* iokit.h */,
				31B41BDF291EB7C000F0F218 /* IOGPU.h */,
				31B41BE0291EB7C000F0F218 /* IOSurface.c */,
				31B41BE1291EB7C000F0F218 /* ANEDirectIn.h */,
				31B41BE2291EB7C000F0F218 /* exploit.m */,
			);
			path = exploit;
			sourceTree = "<group>";
		};
		31B41BC4291EB7C000F0F218 /* AppleNeuralEngine */ = {
			isa = PBXGroup;
			children = (
				31B41BC5291EB7C000F0F218 /* _ANEIOSurfaceObject.h */,
				31B41BC6291EB7C000F0F218 /* _ANEDaemonConnection.h */,
				31B41BC7291EB7C000F0F218 /* _ANEDeviceInfo.h */,
				31B41BC8291EB7C000F0F218 /* _ANEProgramForEvaluation.h */,
				31B41BC9291EB7C000F0F218 /* AppleNeuralEngine.h */,
				31B41BCA291EB7C000F0F218 /* _ANEDataReporter.h */,
				31B41BCB291EB7C000F0F218 /* _ANEQoSMapper.h */,
				31B41BCC291EB7C000F0F218 /* _ANELog.h */,
				31B41BCD291EB7C000F0F218 /* _ANEPerformanceStats.h */,
				31B41BCE291EB7C000F0F218 /* _ANEDeviceController.h */,
				31B41BCF291EB7C000F0F218 /* NSSecureCoding.h */,
				31B41BD0291EB7C000F0F218 /* _ANEDaemonProtocol.h */,
				31B41BD1291EB7C000F0F218 /* _ANEStrings.h */,
				31B41BD2291EB7C000F0F218 /* _ANEClient.h */,
				31B41BD3291EB7C000F0F218 /* _ANERequest.h */,
				31B41BD4291EB7C000F0F218 /* _ANECloneHelper.h */,
				31B41BD5291EB7C000F0F218 /* _ANEErrors.h */,
				31B41BD6291EB7C000F0F218 /* _ANEModel.h */,
				31B41BD7291EB7C000F0F218 /* _ANEHashEncoding.h */,
				31B41BD8291EB7C000F0F218 /* NSCopying.h */,
				31B41BD9291EB7C000F0F218 /* AppleNeuralEngine-Structs.h */,
			);
			path = AppleNeuralEngine;
			sourceTree = "<group>";
		};
/* End PBXGroup section */

/* Begin PBXNativeTarget section */
		31B41BAB291EB77800F0F218 /* haxx */ = {
			isa = PBXNativeTarget;
			buildConfigurationList = 31B41BBA291EB77900F0F218 /* Build configuration list for PBXNativeTarget "haxx" */;
			buildPhases = (
				31B41BA8291EB77800F0F218 /* Sources */,
				31B41BA9291EB77800F0F218 /* Frameworks */,
				31B41BAA291EB77800F0F218 /* Resources */,
			);
			buildRules = (
			);
			dependencies = (
			);
			name = haxx;
			productName = haxx;
			productReference = 31B41BAC291EB77800F0F218 /* haxx.app */;
			productType = "com.apple.product-type.application";
		};
/* End PBXNativeTarget section */

/* Begin PBXProject section */
		31B41BA4291EB77800F0F218 /* Project object */ = {
			isa = PBXProject;
			attributes = {
				BuildIndependentTargetsInParallel = 1;
				LastSwiftUpdateCheck = 1410;
				LastUpgradeCheck = 1410;
				TargetAttributes = {
					31B41BAB291EB77800F0F218 = {
						CreatedOnToolsVersion = 14.1;
					};
				};
			};
			buildConfigurationList = 31B41BA7291EB77800F0F218 /* Build configuration list for PBXProject "haxx" */;
			compatibilityVersion = "Xcode 14.0";
			developmentRegion = en;
			hasScannedForEncodings = 0;
			knownRegions = (
				en,
				Base,
			);
			mainGroup = 31B41BA3291EB77800F0F218;
			productRefGroup = 31B41BAD291EB77800F0F218 /* Products */;
			projectDirPath = "";
			projectRoot = "";
			targets = (
				31B41BAB291EB77800F0F218 /* haxx */,
			);
		};
/* End PBXProject section */

/* Begin PBXResourcesBuildPhase section */
		31B41BAA291EB77800F0F218 /* Resources */ = {
			isa = PBXResourcesBuildPhase;
			buildActionMask = 2147483647;
			files = (
				31B41BB7291EB77900F0F218 /* Preview Assets.xcassets in Resources */,
				31B41BB4291EB77900F0F218 /* Assets.xcassets in Resources */,
				31B41BE3291EB7C000F0F218 /* model_tmp.hwx in Resources */,
			);
			runOnlyForDeploymentPostprocessing = 0;
		};
/* End PBXResourcesBuildPhase section */

/* Begin PBXSourcesBuildPhase section */
		31B41BA8291EB77800F0F218 /* Sources */ = {
			isa = PBXSourcesBuildPhase;
			buildActionMask = 2147483647;
			files = (
				31B41BE4291EB7C000F0F218 /* IOGPU.c in Sources */,
				31B41BE9291EB7C000F0F218 /* exploit.m in Sources */,
				31B41BB2291EB77800F0F218 /* ExploitView.swift in Sources */,
				31B41BE8291EB7C000F0F218 /* IOSurface.c in Sources */,
				31B41BE5291EB7C000F0F218 /* ANEDirectIn.c in Sources */,
				31B41BE7291EB7C000F0F218 /* utils.c in Sources */,
				31B41BBE291EB7A300F0F218 /* mymodel.mlmodel in Sources */,
				31B41BB0291EB77800F0F218 /* haxxApp.swift in Sources */,
			);
			runOnlyForDeploymentPostprocessing = 0;
		};
/* End PBXSourcesBuildPhase section */

/* Begin XCBuildConfiguration section */
		31B41BB8291EB77900F0F218 /* Debug */ = {
			isa = XCBuildConfiguration;
			buildSettings = {
				ALWAYS_SEARCH_USER_PATHS = NO;
				CLANG_ANALYZER_NONNULL = YES;
				CLANG_ANALYZER_NUMBER_OBJECT_CONVERSION = YES_AGGRESSIVE;
				CLANG_CXX_LANGUAGE_STANDARD = "gnu++20";
				CLANG_ENABLE_MODULES = YES;
				CLANG_ENABLE_OBJC_ARC = YES;
				CLANG_ENABLE_OBJC_WEAK = YES;
				CLANG_WARN_BLOCK_CAPTURE_AUTORELEASING = YES;
				CLANG_WARN_BOOL_CONVERSION = YES;
				CLANG_WARN_COMMA = YES;
				CLANG_WARN_CONSTANT_CONVERSION = YES;
				CLANG_WARN_DEPRECATED_OBJC_IMPLEMENTATIONS = YES;
				CLANG_WARN_DIRECT_OBJC_ISA_USAGE = YES_ERROR;
				CLANG_WARN_DOCUMENTATION_COMMENTS = YES;
				CLANG_WARN_EMPTY_BODY = YES;
				CLANG_WARN_ENUM_CONVERSION = YES;
				CLANG_WARN_INFINITE_RECURSION = YES;
				CLANG_WARN_INT_CONVERSION = YES;
				CLANG_WARN_NON_LITERAL_NULL_CONVERSION = YES;
				CLANG_WARN_OBJC_IMPLICIT_RETAIN_SELF = YES;
				CLANG_WARN_OBJC_LITERAL_CONVERSION = YES;
				CLANG_WARN_OBJC_ROOT_CLASS = YES_ERROR;
				CLANG_WARN_QUOTED_INCLUDE_IN_FRAMEWORK_HEADER = YES;
				CLANG_WARN_RANGE_LOOP_ANALYSIS = YES;
				CLANG_WARN_STRICT_PROTOTYPES = YES;
				CLANG_WARN_SUSPICIOUS_MOVE = YES;
				CLANG_WARN_UNGUARDED_AVAILABILITY = YES_AGGRESSIVE;
				CLANG_WARN_UNREACHABLE_CODE = YES;
				CLANG_WARN__DUPLICATE_METHOD_MATCH = YES;
				COPY_PHASE_STRIP = NO;
				DEBUG_INFORMATION_FORMAT = dwarf;
				ENABLE_STRICT_OBJC_MSGSEND = YES;
				ENABLE_TESTABILITY = YES;
				GCC_C_LANGUAGE_STANDARD = gnu11;
				GCC_DYNAMIC_NO_PIC = NO;
				GCC_NO_COMMON_BLOCKS = YES;
				GCC_OPTIMIZATION_LEVEL = 0;
				GCC_PREPROCESSOR_DEFINITIONS = (
					"DEBUG=1",
					"$(inherited)",
				);
				GCC_WARN_64_TO_32_BIT_CONVERSION = YES;
				GCC_WARN_ABOUT_RETURN_TYPE = YES_ERROR;
				GCC_WARN_UNDECLARED_SELECTOR = YES;
				GCC_WARN_UNINITIALIZED_AUTOS = YES_AGGRESSIVE;
				GCC_WARN_UNUSED_FUNCTION = YES;
				GCC_WARN_UNUSED_VARIABLE = YES;
				IPHONEOS_DEPLOYMENT_TARGET = 16.1;
				MTL_ENABLE_DEBUG_INFO = INCLUDE_SOURCE;
				MTL_FAST_MATH = YES;
				ONLY_ACTIVE_ARCH = YES;
				SDKROOT = iphoneos;
				SWIFT_ACTIVE_COMPILATION_CONDITIONS = DEBUG;
				SWIFT_OPTIMIZATION_LEVEL = "-Onone";
			};
			name = Debug;
		};
		31B41BB9291EB77900F0F218 /* Release */ = {
			isa = XCBuildConfiguration;
			buildSettings = {
				ALWAYS_SEARCH_USER_PATHS = NO;
				CLANG_ANALYZER_NONNULL = YES;
				CLANG_ANALYZER_NUMBER_OBJECT_CONVERSION = YES_AGGRESSIVE;
				CLANG_CXX_LANGUAGE_STANDARD = "gnu++20";
				CLANG_ENABLE_MODULES = YES;
				CLANG_ENABLE_OBJC_ARC = YES;
				CLANG_ENABLE_OBJC_WEAK = YES;
				CLANG_WARN_BLOCK_CAPTURE_AUTORELEASING = YES;
				CLANG_WARN_BOOL_CONVERSION = YES;
				CLANG_WARN_COMMA = YES;
				CLANG_WARN_CONSTANT_CONVERSION = YES;
				CLANG_WARN_DEPRECATED_OBJC_IMPLEMENTATIONS = YES;
				CLANG_WARN_DIRECT_OBJC_ISA_USAGE = YES_ERROR;
				CLANG_WARN_DOCUMENTATION_COMMENTS = YES;
				CLANG_WARN_EMPTY_BODY = YES;
				CLANG_WARN_ENUM_CONVERSION = YES;
				CLANG_WARN_INFINITE_RECURSION = YES;
				CLANG_WARN_INT_CONVERSION = YES;
				CLANG_WARN_NON_LITERAL_NULL_CONVERSION = YES;
				CLANG_WARN_OBJC_IMPLICIT_RETAIN_SELF = YES;
				CLANG_WARN_OBJC_LITERAL_CONVERSION = YES;
				CLANG_WARN_OBJC_ROOT_CLASS = YES_ERROR;
				CLANG_WARN_QUOTED_INCLUDE_IN_FRAMEWORK_HEADER = YES;
				CLANG_WARN_RANGE_LOOP_ANALYSIS = YES;
				CLANG_WARN_STRICT_PROTOTYPES = YES;
				CLANG_WARN_SUSPICIOUS_MOVE = YES;
				CLANG_WARN_UNGUARDED_AVAILABILITY = YES_AGGRESSIVE;
				CLANG_WARN_UNREACHABLE_CODE = YES;
				CLANG_WARN__DUPLICATE_METHOD_MATCH = YES;
				COPY_PHASE_STRIP = NO;
				DEBUG_INFORMATION_FORMAT = "dwarf-with-dsym";
				ENABLE_NS_ASSERTIONS = NO;
				ENABLE_STRICT_OBJC_MSGSEND = YES;
				GCC_C_LANGUAGE_STANDARD = gnu11;
				GCC_NO_COMMON_BLOCKS = YES;
				GCC_WARN_64_TO_32_BIT_CONVERSION = YES;
				GCC_WARN_ABOUT_RETURN_TYPE = YES_ERROR;
				GCC_WARN_UNDECLARED_SELECTOR = YES;
				GCC_WARN_UNINITIALIZED_AUTOS = YES_AGGRESSIVE;
				GCC_WARN_UNUSED_FUNCTION = YES;
				GCC_WARN_UNUSED_VARIABLE = YES;
				IPHONEOS_DEPLOYMENT_TARGET = 16.1;
				MTL_ENABLE_DEBUG_INFO = NO;
				MTL_FAST_MATH = YES;
				SDKROOT = iphoneos;
				SWIFT_COMPILATION_MODE = wholemodule;
				SWIFT_OPTIMIZATION_LEVEL = "-O";
				VALIDATE_PRODUCT = YES;
			};
			name = Release;
		};
		31B41BBB291EB77900F0F218 /* Debug */ = {
			isa = XCBuildConfiguration;
			buildSettings = {
				ASSETCATALOG_COMPILER_APPICON_NAME = AppIcon;
				ASSETCATALOG_COMPILER_GLOBAL_ACCENT_COLOR_NAME = AccentColor;
				CODE_SIGN_STYLE = Automatic;
				CURRENT_PROJECT_VERSION = 1;
				DEVELOPMENT_ASSET_PATHS = "\"haxx/Preview Content\"";
				DEVELOPMENT_TEAM = 76V43E9CWT;
				ENABLE_PREVIEWS = YES;
				GENERATE_INFOPLIST_FILE = YES;
				INFOPLIST_KEY_UIApplicationSceneManifest_Generation = YES;
				INFOPLIST_KEY_UIApplicationSupportsIndirectInputEvents = YES;
				INFOPLIST_KEY_UILaunchScreen_Generation = YES;
				INFOPLIST_KEY_UISupportedInterfaceOrientations_iPad = "UIInterfaceOrientationPortrait UIInterfaceOrientationPortraitUpsideDown UIInterfaceOrientationLandscapeLeft UIInterfaceOrientationLandscapeRight";
				INFOPLIST_KEY_UISupportedInterfaceOrientations_iPhone = "UIInterfaceOrientationPortrait UIInterfaceOrientationLandscapeLeft UIInterfaceOrientationLandscapeRight";
				IPHONEOS_DEPLOYMENT_TARGET = 15.0;
				LD_RUNPATH_SEARCH_PATHS = (
					"$(inherited)",
					"@executable_path/Frameworks",
				);
				MARKETING_VERSION = 1.0;
				PRODUCT_BUNDLE_IDENTIFIER = com.Alfie.haxx;
				PRODUCT_NAME = "$(TARGET_NAME)";
				SDKROOT = iphoneos;
				SWIFT_EMIT_LOC_STRINGS = YES;
				SWIFT_OBJC_BRIDGING_HEADER = "haxx/haxx-Bridging-Header.h";
				SWIFT_VERSION = 5.0;
				TARGETED_DEVICE_FAMILY = "1,2";
			};
			name = Debug;
		};
		31B41BBC291EB77900F0F218 /* Release */ = {
			isa = XCBuildConfiguration;
			buildSettings = {
				ASSETCATALOG_COMPILER_APPICON_NAME = AppIcon;
				ASSETCATALOG_COMPILER_GLOBAL_ACCENT_COLOR_NAME = AccentColor;
				CODE_SIGN_STYLE = Automatic;
				CURRENT_PROJECT_VERSION = 1;
				DEVELOPMENT_ASSET_PATHS = "\"haxx/Preview Content\"";
				DEVELOPMENT_TEAM = 76V43E9CWT;
				ENABLE_PREVIEWS = YES;
				GENERATE_INFOPLIST_FILE = YES;
				INFOPLIST_KEY_UIApplicationSceneManifest_Generation = YES;
				INFOPLIST_KEY_UIApplicationSupportsIndirectInputEvents = YES;
				INFOPLIST_KEY_UILaunchScreen_Generation = YES;
				INFOPLIST_KEY_UISupportedInterfaceOrientations_iPad = "UIInterfaceOrientationPortrait UIInterfaceOrientationPortraitUpsideDown UIInterfaceOrientationLandscapeLeft UIInterfaceOrientationLandscapeRight";
				INFOPLIST_KEY_UISupportedInterfaceOrientations_iPhone = "UIInterfaceOrientationPortrait UIInterfaceOrientationLandscapeLeft UIInterfaceOrientationLandscapeRight";
				IPHONEOS_DEPLOYMENT_TARGET = 15.0;
				LD_RUNPATH_SEARCH_PATHS = (
					"$(inherited)",
					"@executable_path/Frameworks",
				);
				MARKETING_VERSION = 1.0;
				PRODUCT_BUNDLE_IDENTIFIER = com.Alfie.haxx;
				PRODUCT_NAME = "$(TARGET_NAME)";
				SDKROOT = iphoneos;
				SWIFT_EMIT_LOC_STRINGS = YES;
				SWIFT_OBJC_BRIDGING_HEADER = "haxx/haxx-Bridging-Header.h";
				SWIFT_VERSION = 5.0;
				TARGETED_DEVICE_FAMILY = "1,2";
			};
			name = Release;
		};
/* End XCBuildConfiguration section */

/* Begin XCConfigurationList section */
		31B41BA7291EB77800F0F218 /* Build configuration list for PBXProject "haxx" */ = {
			isa = XCConfigurationList;
			buildConfigurations = (
				31B41BB8291EB77900F0F218 /* Debug */,
				31B41BB9291EB77900F0F218 /* Release */,
			);
			defaultConfigurationIsVisible = 0;
			defaultConfigurationName = Release;
		};
		31B41BBA291EB77900F0F218 /* Build configuration list for PBXNativeTarget "haxx" */ = {
			isa = XCConfigurationList;
			buildConfigurations = (
				31B41BBB291EB77900F0F218 /* Debug */,
				31B41BBC291EB77900F0F218 /* Release */,
			);
			defaultConfigurationIsVisible = 0;
			defaultConfigurationName = Release;
		};
/* End XCConfigurationList section */
	};
	rootObject = 31B41BA4291EB77800F0F218 /* Project object */;
}
